
Microsoft Visual Studio Solution File, Format Version 12.00
# Visual Studio Version 16
VisualStudioVersion = 16.0.30503.244
MinimumVisualStudioVersion = 10.0.40219.1
Project("{FAE04EC0-301F-11D3-BF4B-00C04F79EFBC}") = "Github_example1", "Github_example1.csproj", "{F2E8AE2D-3370-4E6B-9E7D-AF7C4E110880}"
EndProject
Global
	GlobalSection(SolutionConfigurationPlatforms) = preSolution
		Debug|Any CPU = Debug|Any CPU
		Release|Any CPU = Release|Any CPU
	EndGlobalSection
	GlobalSection(ProjectConfigurationPlatforms) = postSolution
		{F2E8AE2D-3370-4E6B-9E7D-AF7C4E110880}.Debug|Any CPU.ActiveCfg = Debug|Any CPU
		{F2E8AE2D-3370-4E6B-9E7D-AF7C4E110880}.Debug|Any CPU.Build.0 = Debug|Any CPU
		{F2E8AE2D-3370-4E6B-9E7D-AF7C4E110880}.Release|Any CPU.ActiveCfg = Release|Any CPU
		{F2E8AE2D-3370-4E6B-9E7D-AF7C4E110880}.Release|Any CPU.Build.0 = Release|Any CPU
	EndGlobalSection
	GlobalSection(SolutionProperties) = preSolution
		HideSolutionNode = FALSE
	EndGlobalSection
	GlobalSection(ExtensibilityGlobals) = postSolution
		SolutionGuid = {B215009A-2DBA-4B93-BADE-3EDF4A439B10}
	EndGlobalSection
EndGlobal
